
Microsoft Visual Studio Solution File, Format Version 12.00
# Visual Studio 2012
Project("{FAE04EC0-301F-11D3-BF4B-00C04F79EFBC}") = "BUEnrolment", "BUEnrolment\BUEnrolment.csproj", "{B7CB0E0C-B585-4835-8A0F-1455EFB104E3}"
EndProject
Project("{FAE04EC0-301F-11D3-BF4B-00C04F79EFBC}") = "BUEnrolmentTests", "BUEnrolmentTests\BUEnrolmentTests.csproj", "{0A724EF2-9F98-4C84-A7E9-BA2538CA7872}"
EndProject
Project("{2150E333-8FDC-42A3-9474-1A3956D46DE8}") = ".nuget", ".nuget", "{DA77E684-F83E-4056-9E33-23C6D653E6E0}"
	ProjectSection(SolutionItems) = preProject
		.nuget\NuGet.Config = .nuget\NuGet.Config
		.nuget\NuGet.exe = .nuget\NuGet.exe
		.nuget\NuGet.targets = .nuget\NuGet.targets
	EndProjectSection
EndProject
Global
	GlobalSection(SolutionConfigurationPlatforms) = preSolution
		Debug|Any CPU = Debug|Any CPU
		Release|Any CPU = Release|Any CPU
	EndGlobalSection
	GlobalSection(ProjectConfigurationPlatforms) = postSolution
		{B7CB0E0C-B585-4835-8A0F-1455EFB104E3}.Debug|Any CPU.ActiveCfg = Debug|Any CPU
		{B7CB0E0C-B585-4835-8A0F-1455EFB104E3}.Debug|Any CPU.Build.0 = Debug|Any CPU
		{B7CB0E0C-B585-4835-8A0F-1455EFB104E3}.Release|Any CPU.ActiveCfg = Release|Any CPU
		{B7CB0E0C-B585-4835-8A0F-1455EFB104E3}.Release|Any CPU.Build.0 = Release|Any CPU
		{0A724EF2-9F98-4C84-A7E9-BA2538CA7872}.Debug|Any CPU.ActiveCfg = Debug|Any CPU
		{0A724EF2-9F98-4C84-A7E9-BA2538CA7872}.Debug|Any CPU.Build.0 = Debug|Any CPU
		{0A724EF2-9F98-4C84-A7E9-BA2538CA7872}.Release|Any CPU.ActiveCfg = Release|Any CPU
		{0A724EF2-9F98-4C84-A7E9-BA2538CA7872}.Release|Any CPU.Build.0 = Release|Any CPU
	EndGlobalSection
	GlobalSection(SolutionProperties) = preSolution
		HideSolutionNode = FALSE
	EndGlobalSection
EndGlobal
