
Microsoft Visual Studio Solution File, Format Version 12.00
# Visual Studio 2012
Project("{FAE04EC0-301F-11D3-BF4B-00C04F79EFBC}") = "BUEnrolment2", "BUEnrolment2\BUEnrolment2.csproj", "{D79B7781-B736-4CAD-909F-260A4A679055}"
EndProject
Project("{FAE04EC0-301F-11D3-BF4B-00C04F79EFBC}") = "BUEnrolment2.Tests", "BUEnrolment2.Tests\BUEnrolment2.Tests.csproj", "{FE062165-8CBA-4E0C-BDB8-6B8BF403A3E7}"
EndProject
Global
	GlobalSection(SolutionConfigurationPlatforms) = preSolution
		Debug|Any CPU = Debug|Any CPU
		Release|Any CPU = Release|Any CPU
	EndGlobalSection
	GlobalSection(ProjectConfigurationPlatforms) = postSolution
		{D79B7781-B736-4CAD-909F-260A4A679055}.Debug|Any CPU.ActiveCfg = Debug|Any CPU
		{D79B7781-B736-4CAD-909F-260A4A679055}.Debug|Any CPU.Build.0 = Debug|Any CPU
		{D79B7781-B736-4CAD-909F-260A4A679055}.Release|Any CPU.ActiveCfg = Release|Any CPU
		{D79B7781-B736-4CAD-909F-260A4A679055}.Release|Any CPU.Build.0 = Release|Any CPU
		{FE062165-8CBA-4E0C-BDB8-6B8BF403A3E7}.Debug|Any CPU.ActiveCfg = Debug|Any CPU
		{FE062165-8CBA-4E0C-BDB8-6B8BF403A3E7}.Debug|Any CPU.Build.0 = Debug|Any CPU
		{FE062165-8CBA-4E0C-BDB8-6B8BF403A3E7}.Release|Any CPU.ActiveCfg = Release|Any CPU
		{FE062165-8CBA-4E0C-BDB8-6B8BF403A3E7}.Release|Any CPU.Build.0 = Release|Any CPU
	EndGlobalSection
	GlobalSection(SolutionProperties) = preSolution
		HideSolutionNode = FALSE
	EndGlobalSection
EndGlobal
